
Microsoft Visual Studio Solution File, Format Version 12.00
# Visual Studio Version 17
VisualStudioVersion = 17.0.31919.166
MinimumVisualStudioVersion = 10.0.40219.1
Project("{FAE04EC0-301F-11D3-BF4B-00C04F79EFBC}") = "GrpcClient", "GrpcClient\GrpcClient.csproj", "{790A7E85-47BB-4A30-BBF4-82F88295DD83}"
EndProject
Global
	GlobalSection(SolutionConfigurationPlatforms) = preSolution
		Debug|Any CPU = Debug|Any CPU
		Release|Any CPU = Release|Any CPU
	EndGlobalSection
	GlobalSection(ProjectConfigurationPlatforms) = postSolution
		{790A7E85-47BB-4A30-BBF4-82F88295DD83}.Debug|Any CPU.ActiveCfg = Debug|Any CPU
		{790A7E85-47BB-4A30-BBF4-82F88295DD83}.Debug|Any CPU.Build.0 = Debug|Any CPU
		{790A7E85-47BB-4A30-BBF4-82F88295DD83}.Release|Any CPU.ActiveCfg = Release|Any CPU
		{790A7E85-47BB-4A30-BBF4-82F88295DD83}.Release|Any CPU.Build.0 = Release|Any CPU
	EndGlobalSection
	GlobalSection(SolutionProperties) = preSolution
		HideSolutionNode = FALSE
	EndGlobalSection
	GlobalSection(ExtensibilityGlobals) = postSolution
		SolutionGuid = {1BF27161-D850-4DCA-B3E9-DAE56309A19B}
	EndGlobalSection
EndGlobal
